
Microsoft Visual Studio Solution File, Format Version 11.00
# Visual Studio 2010
Project("{FAE04EC0-301F-11D3-BF4B-00C04F79EFBC}") = "APPLICATION", "QLKS\APPLICATION.csproj", "{8A7595B8-438E-435D-99E9-61504155E5CA}"
EndProject
Project("{FAE04EC0-301F-11D3-BF4B-00C04F79EFBC}") = "EStoreDAO", "EStoreDAO\EStoreDAO.csproj", "{6CD65048-A09A-48CA-8816-100BA2E8BC82}"
EndProject
Project("{FAE04EC0-301F-11D3-BF4B-00C04F79EFBC}") = "EStoreDTO", "EStoreDTO\EStoreDTO.csproj", "{DEA78CC8-6D00-49EB-BCF9-9E67FB40E4DE}"
EndProject
Project("{FAE04EC0-301F-11D3-BF4B-00C04F79EFBC}") = "EStoreBUS", "EStoreBUS\EStoreBUS.csproj", "{F7C5DB79-5C15-430D-A6D7-93AC7BB2D41F}"
EndProject
Global
	GlobalSection(SolutionConfigurationPlatforms) = preSolution
		Debug|Any CPU = Debug|Any CPU
		Release|Any CPU = Release|Any CPU
	EndGlobalSection
	GlobalSection(ProjectConfigurationPlatforms) = postSolution
		{8A7595B8-438E-435D-99E9-61504155E5CA}.Debug|Any CPU.ActiveCfg = Debug|Any CPU
		{8A7595B8-438E-435D-99E9-61504155E5CA}.Debug|Any CPU.Build.0 = Debug|Any CPU
		{8A7595B8-438E-435D-99E9-61504155E5CA}.Release|Any CPU.ActiveCfg = Release|Any CPU
		{8A7595B8-438E-435D-99E9-61504155E5CA}.Release|Any CPU.Build.0 = Release|Any CPU
		{6CD65048-A09A-48CA-8816-100BA2E8BC82}.Debug|Any CPU.ActiveCfg = Debug|Any CPU
		{6CD65048-A09A-48CA-8816-100BA2E8BC82}.Debug|Any CPU.Build.0 = Debug|Any CPU
		{6CD65048-A09A-48CA-8816-100BA2E8BC82}.Release|Any CPU.ActiveCfg = Release|Any CPU
		{6CD65048-A09A-48CA-8816-100BA2E8BC82}.Release|Any CPU.Build.0 = Release|Any CPU
		{DEA78CC8-6D00-49EB-BCF9-9E67FB40E4DE}.Debug|Any CPU.ActiveCfg = Debug|Any CPU
		{DEA78CC8-6D00-49EB-BCF9-9E67FB40E4DE}.Debug|Any CPU.Build.0 = Debug|Any CPU
		{DEA78CC8-6D00-49EB-BCF9-9E67FB40E4DE}.Release|Any CPU.ActiveCfg = Release|Any CPU
		{DEA78CC8-6D00-49EB-BCF9-9E67FB40E4DE}.Release|Any CPU.Build.0 = Release|Any CPU
		{F7C5DB79-5C15-430D-A6D7-93AC7BB2D41F}.Debug|Any CPU.ActiveCfg = Debug|Any CPU
		{F7C5DB79-5C15-430D-A6D7-93AC7BB2D41F}.Debug|Any CPU.Build.0 = Debug|Any CPU
		{F7C5DB79-5C15-430D-A6D7-93AC7BB2D41F}.Release|Any CPU.ActiveCfg = Release|Any CPU
		{F7C5DB79-5C15-430D-A6D7-93AC7BB2D41F}.Release|Any CPU.Build.0 = Release|Any CPU
	EndGlobalSection
	GlobalSection(SolutionProperties) = preSolution
		HideSolutionNode = FALSE
	EndGlobalSection
EndGlobal
