
Microsoft Visual Studio Solution File, Format Version 10.00
# Visual Studio 2008
Project("{FAE04EC0-301F-11D3-BF4B-00C04F79EFBC}") = "APPLICATION", "QLKS\APPLICATION.csproj", "{8A7595B8-438E-435D-99E9-61504155E5CA}"
EndProject
Project("{FAE04EC0-301F-11D3-BF4B-00C04F79EFBC}") = "EStoreDTO", "EStoreDTO\EStoreDTO.csproj", "{1D59FB1C-8ADA-4678-A8CD-12ECC1492E83}"
EndProject
Project("{FAE04EC0-301F-11D3-BF4B-00C04F79EFBC}") = "EStoreDAO", "EStoreDAO\EStoreDAO.csproj", "{37E6FD17-D704-448D-9376-57BC1F7F1E43}"
EndProject
Project("{FAE04EC0-301F-11D3-BF4B-00C04F79EFBC}") = "EStoreBUS", "EStoreBUS\EStoreBUS.csproj", "{8B6BFF8E-0410-4FF2-A891-838FFFB3B14C}"
EndProject
Global
	GlobalSection(SolutionConfigurationPlatforms) = preSolution
		Debug|Any CPU = Debug|Any CPU
		Release|Any CPU = Release|Any CPU
	EndGlobalSection
	GlobalSection(ProjectConfigurationPlatforms) = postSolution
		{8A7595B8-438E-435D-99E9-61504155E5CA}.Debug|Any CPU.ActiveCfg = Debug|Any CPU
		{8A7595B8-438E-435D-99E9-61504155E5CA}.Debug|Any CPU.Build.0 = Debug|Any CPU
		{8A7595B8-438E-435D-99E9-61504155E5CA}.Release|Any CPU.ActiveCfg = Release|Any CPU
		{8A7595B8-438E-435D-99E9-61504155E5CA}.Release|Any CPU.Build.0 = Release|Any CPU
		{1D59FB1C-8ADA-4678-A8CD-12ECC1492E83}.Debug|Any CPU.ActiveCfg = Debug|Any CPU
		{1D59FB1C-8ADA-4678-A8CD-12ECC1492E83}.Debug|Any CPU.Build.0 = Debug|Any CPU
		{1D59FB1C-8ADA-4678-A8CD-12ECC1492E83}.Release|Any CPU.ActiveCfg = Release|Any CPU
		{1D59FB1C-8ADA-4678-A8CD-12ECC1492E83}.Release|Any CPU.Build.0 = Release|Any CPU
		{37E6FD17-D704-448D-9376-57BC1F7F1E43}.Debug|Any CPU.ActiveCfg = Debug|Any CPU
		{37E6FD17-D704-448D-9376-57BC1F7F1E43}.Debug|Any CPU.Build.0 = Debug|Any CPU
		{37E6FD17-D704-448D-9376-57BC1F7F1E43}.Release|Any CPU.ActiveCfg = Release|Any CPU
		{37E6FD17-D704-448D-9376-57BC1F7F1E43}.Release|Any CPU.Build.0 = Release|Any CPU
		{8B6BFF8E-0410-4FF2-A891-838FFFB3B14C}.Debug|Any CPU.ActiveCfg = Debug|Any CPU
		{8B6BFF8E-0410-4FF2-A891-838FFFB3B14C}.Debug|Any CPU.Build.0 = Debug|Any CPU
		{8B6BFF8E-0410-4FF2-A891-838FFFB3B14C}.Release|Any CPU.ActiveCfg = Release|Any CPU
		{8B6BFF8E-0410-4FF2-A891-838FFFB3B14C}.Release|Any CPU.Build.0 = Release|Any CPU
	EndGlobalSection
	GlobalSection(SolutionProperties) = preSolution
		HideSolutionNode = FALSE
	EndGlobalSection
EndGlobal
